{
  "name": "sandboxbox",
  "version": "2.5.3",
  "lockfileVersion": 3,
  "requires": true,
  "packages": {
    "": {
      "name": "sandboxbox",
      "version": "2.5.3",
      "hasInstallScript": true,
      "license": "MIT",
      "dependencies": {
        "sandboxbox": "^2.2.9"
      },
      "bin": {
        "sandboxbox": "cli.js"
      }
    },
    "node_modules/sandboxbox": {
      "version": "2.2.9",
      "resolved": "https://registry.npmjs.org/sandboxbox/-/sandboxbox-2.2.9.tgz",
      "integrity": "sha512-cv5rYoinTOzp71qrM1NnWPMZlEx1z01Y2WtbM9YDNz7IUusJv7HUj0zRJwPbKEmvze/8z3w5yVBKXj5fIlaGgw==",
      "hasInstallScript": true,
      "license": "MIT",
      "bin": {
        "sandboxbox": "cli.js"
      }
    }
  }
}
